<?xml version="1.0" encoding="utf-8"?>
<Project ToolsVersion="4.0" xmlns="http://schemas.microsoft.com/developer/msbuild/2003">
  <ItemGroup>
    <Filter Include="Source Files">
      <UniqueIdentifier>{4FC737F1-C7A5-4376-A066-2A32D752A2FF}</UniqueIdentifier>
      <Extensions>cpp;c;cc;cxx;def;odl;idl;hpj;bat;asm;asmx</Extensions>
    </Filter>
    <Filter Include="Header Files">
      <UniqueIdentifier>{93995380-89BD-4b04-88EB-625FBE52EBFB}</UniqueIdentifier>
      <Extensions>h;hh;hpp;hxx;hm;inl;inc;ipp;xsd</Extensions>
    </Filter>
    <Filter Include="Resource Files">
      <UniqueIdentifier>{67DA6AB6-F800-4c08-8B7A-83BB121AAD01}</UniqueIdentifier>
      <Extensions>rc;ico;cur;bmp;dlg;rc2;rct;bin;rgs;gif;jpg;jpeg;jpe;resx;tiff;tif;png;wav;mfcribbon-ms</Extensions>
    </Filter>
    <Filter Include="Debug">
      <UniqueIdentifier>{c6223f38-863f-4811-b5be-cbcbe9b27d5c}</UniqueIdentifier>
    </Filter>
  </ItemGroup>
  <ItemGroup>
    <ClCompile Include="ShipGrid.cpp">
      <Filter>Source Files</Filter>
    </ClCompile>
    <ClCompile Include="Game.cpp">
      <Filter>Source Files</Filter>
    </ClCompile>
    <ClCompile Include="Main.cpp">
      <Filter>Source Files</Filter>
    </ClCompile>
    <ClCompile Include="Menu.cpp">
      <Filter>Source Files</Filter>
    </ClCompile>
    <ClCompile Include="Texture.cpp">
      <Filter>Source Files</Filter>
    </ClCompile>
    <ClCompile Include="Button.cpp">
      <Filter>Source Files</Filter>
    </ClCompile>
    <ClCompile Include="Text.cpp">
      <Filter>Source Files</Filter>
    </ClCompile>
  </ItemGroup>
  <ItemGroup>
    <ClInclude Include="stdafx.h">
      <Filter>Header Files</Filter>
    </ClInclude>
    <ClInclude Include="ShipGrid.h">
      <Filter>Header Files</Filter>
    </ClInclude>
    <ClInclude Include="Game.h">
      <Filter>Header Files</Filter>
    </ClInclude>
    <ClInclude Include="Menu.h">
      <Filter>Header Files</Filter>
    </ClInclude>
    <ClInclude Include="Texture.h">
      <Filter>Header Files</Filter>
    </ClInclude>
    <ClInclude Include="Button.h">
      <Filter>Header Files</Filter>
    </ClInclude>
    <ClInclude Include="Text.h">
      <Filter>Header Files</Filter>
    </ClInclude>
  </ItemGroup>
  <ItemGroup>
    <Image Include="..\grid10by10withbg506099.png">
      <Filter>Resource Files</Filter>
    </Image>
    <Image Include="_Playfield\blackx.png">
      <Filter>Resource Files</Filter>
    </Image>
  </ItemGroup>
  <ItemGroup>
    <None Include="..\Debug\Battleship.exe">
      <Filter>Debug</Filter>
    </None>
    <None Include="..\Debug\Battleship.ilk">
      <Filter>Debug</Filter>
    </None>
    <None Include="..\Debug\Battleship.pdb">
      <Filter>Debug</Filter>
    </None>
    <None Include="..\Debug\libFLAC-8.dll">
      <Filter>Debug</Filter>
    </None>
    <None Include="..\Debug\libfreetype-6.dll">
      <Filter>Debug</Filter>
    </None>
    <None Include="..\Debug\libjpeg-9.dll">
      <Filter>Debug</Filter>
    </None>
    <None Include="..\Debug\libmodplug-1.dll">
      <Filter>Debug</Filter>
    </None>
    <None Include="..\Debug\libmpg123-0.dll">
      <Filter>Debug</Filter>
    </None>
    <None Include="..\Debug\libogg-0.dll">
      <Filter>Debug</Filter>
    </None>
    <None Include="..\Debug\libpng16-16.dll">
      <Filter>Debug</Filter>
    </None>
    <None Include="..\Debug\libtiff-5.dll">
      <Filter>Debug</Filter>
    </None>
    <None Include="..\Debug\libvorbis-0.dll">
      <Filter>Debug</Filter>
    </None>
    <None Include="..\Debug\libvorbisfile-3.dll">
      <Filter>Debug</Filter>
    </None>
    <None Include="..\Debug\libwebp-7.dll">
      <Filter>Debug</Filter>
    </None>
    <None Include="..\Debug\SDL2.dll">
      <Filter>Debug</Filter>
    </None>
    <None Include="..\Debug\SDL2_image.dll">
      <Filter>Debug</Filter>
    </None>
    <None Include="..\Debug\SDL2_mixer.dll">
      <Filter>Debug</Filter>
    </None>
    <None Include="..\Debug\SDL2_ttf.dll">
      <Filter>Debug</Filter>
    </None>
    <None Include="..\Debug\zlib1.dll">
      <Filter>Debug</Filter>
    </None>
  </ItemGroup>
</Project>